
Microsoft Visual Studio Solution File, Format Version 12.00
# Visual Studio Version 17
VisualStudioVersion = 17.2.32616.157
MinimumVisualStudioVersion = 10.0.40219.1
Project("{9A19103F-16F7-4668-BE54-9A1E7A4F7556}") = "SCG.CHEM.MBR.AUTH.API", "SCG.CHEM.MBR.AUTH.API\SCG.CHEM.MBR.AUTH.API.csproj", "{931B1444-DA40-4EC9-BD8A-7EE18A42E407}"
EndProject
Project("{9A19103F-16F7-4668-BE54-9A1E7A4F7556}") = "SCG.CHEM.MBR.AUTH.BUSINESSLOGIC", "SCG.CHEM.MBR.AUTH.BUSINESSLOGIC\SCG.CHEM.MBR.AUTH.BUSINESSLOGIC.csproj", "{F34C26C7-C69B-47E1-8256-EB354D92481F}"
EndProject
Project("{9A19103F-16F7-4668-BE54-9A1E7A4F7556}") = "SCG.CHEM.MBR.COMMON", "SCG.CHEM.MBR.COMMON\SCG.CHEM.MBR.COMMON.csproj", "{93D8DA11-C905-4ED5-BCC4-92A91094FC65}"
EndProject
Project("{9A19103F-16F7-4668-BE54-9A1E7A4F7556}") = "SCG.CHEM.MBR.DATAACCESS", "SCG.CHEM.MBR.DATAACCESS\SCG.CHEM.MBR.DATAACCESS.csproj", "{AF98900B-D1E1-4518-A6FC-515A59E945C9}"
EndProject
Project("{9A19103F-16F7-4668-BE54-9A1E7A4F7556}") = "SCG.CHEM.MBR.MASTER.API", "SCG.CHEM.MBR.MASTER.API\SCG.CHEM.MBR.MASTER.API.csproj", "{2859F0DA-C28E-4D0A-92F3-9FCF85C0F539}"
EndProject
Project("{9A19103F-16F7-4668-BE54-9A1E7A4F7556}") = "SCG.CHEM.SSPLSP.DATAACCESS", "SCG.CHEM.SSPLSP.DATAACCESS\SCG.CHEM.SSPLSP.DATAACCESS.csproj", "{EC620002-F782-4920-AD27-6FF4FB0A2E80}"
EndProject
Project("{9A19103F-16F7-4668-BE54-9A1E7A4F7556}") = "SCG.CHEM.MBR.TRANSACTION.API", "SCG.CHEM.MBR.TRANSACTION.API\SCG.CHEM.MBR.TRANSACTION.API.csproj", "{5C73FD97-27D2-4EB5-ACDE-05BFCF87C4DF}"
EndProject
Project("{FAE04EC0-301F-11D3-BF4B-00C04F79EFBC}") = "SCG.CHEM.MBR.COMMON.API", "SCG.CHEM.MBR.COMMON.API\SCG.CHEM.MBR.COMMON.API.csproj", "{F7394DFF-B861-40D8-A63A-A95382AB5911}"
EndProject
Global
	GlobalSection(SolutionConfigurationPlatforms) = preSolution
		Debug|Any CPU = Debug|Any CPU
		Release|Any CPU = Release|Any CPU
	EndGlobalSection
	GlobalSection(ProjectConfigurationPlatforms) = postSolution
		{931B1444-DA40-4EC9-BD8A-7EE18A42E407}.Debug|Any CPU.ActiveCfg = Debug|Any CPU
		{931B1444-DA40-4EC9-BD8A-7EE18A42E407}.Debug|Any CPU.Build.0 = Debug|Any CPU
		{931B1444-DA40-4EC9-BD8A-7EE18A42E407}.Release|Any CPU.ActiveCfg = Release|Any CPU
		{931B1444-DA40-4EC9-BD8A-7EE18A42E407}.Release|Any CPU.Build.0 = Release|Any CPU
		{F34C26C7-C69B-47E1-8256-EB354D92481F}.Debug|Any CPU.ActiveCfg = Debug|Any CPU
		{F34C26C7-C69B-47E1-8256-EB354D92481F}.Debug|Any CPU.Build.0 = Debug|Any CPU
		{F34C26C7-C69B-47E1-8256-EB354D92481F}.Release|Any CPU.ActiveCfg = Release|Any CPU
		{F34C26C7-C69B-47E1-8256-EB354D92481F}.Release|Any CPU.Build.0 = Release|Any CPU
		{93D8DA11-C905-4ED5-BCC4-92A91094FC65}.Debug|Any CPU.ActiveCfg = Debug|Any CPU
		{93D8DA11-C905-4ED5-BCC4-92A91094FC65}.Debug|Any CPU.Build.0 = Debug|Any CPU
		{93D8DA11-C905-4ED5-BCC4-92A91094FC65}.Release|Any CPU.ActiveCfg = Release|Any CPU
		{93D8DA11-C905-4ED5-BCC4-92A91094FC65}.Release|Any CPU.Build.0 = Release|Any CPU
		{AF98900B-D1E1-4518-A6FC-515A59E945C9}.Debug|Any CPU.ActiveCfg = Debug|Any CPU
		{AF98900B-D1E1-4518-A6FC-515A59E945C9}.Debug|Any CPU.Build.0 = Debug|Any CPU
		{AF98900B-D1E1-4518-A6FC-515A59E945C9}.Release|Any CPU.ActiveCfg = Release|Any CPU
		{AF98900B-D1E1-4518-A6FC-515A59E945C9}.Release|Any CPU.Build.0 = Release|Any CPU
		{2859F0DA-C28E-4D0A-92F3-9FCF85C0F539}.Debug|Any CPU.ActiveCfg = Debug|Any CPU
		{2859F0DA-C28E-4D0A-92F3-9FCF85C0F539}.Debug|Any CPU.Build.0 = Debug|Any CPU
		{2859F0DA-C28E-4D0A-92F3-9FCF85C0F539}.Release|Any CPU.ActiveCfg = Release|Any CPU
		{2859F0DA-C28E-4D0A-92F3-9FCF85C0F539}.Release|Any CPU.Build.0 = Release|Any CPU
		{EC620002-F782-4920-AD27-6FF4FB0A2E80}.Debug|Any CPU.ActiveCfg = Debug|Any CPU
		{EC620002-F782-4920-AD27-6FF4FB0A2E80}.Debug|Any CPU.Build.0 = Debug|Any CPU
		{EC620002-F782-4920-AD27-6FF4FB0A2E80}.Release|Any CPU.ActiveCfg = Release|Any CPU
		{EC620002-F782-4920-AD27-6FF4FB0A2E80}.Release|Any CPU.Build.0 = Release|Any CPU
		{5C73FD97-27D2-4EB5-ACDE-05BFCF87C4DF}.Debug|Any CPU.ActiveCfg = Debug|Any CPU
		{5C73FD97-27D2-4EB5-ACDE-05BFCF87C4DF}.Debug|Any CPU.Build.0 = Debug|Any CPU
		{5C73FD97-27D2-4EB5-ACDE-05BFCF87C4DF}.Release|Any CPU.ActiveCfg = Release|Any CPU
		{5C73FD97-27D2-4EB5-ACDE-05BFCF87C4DF}.Release|Any CPU.Build.0 = Release|Any CPU
		{F7394DFF-B861-40D8-A63A-A95382AB5911}.Debug|Any CPU.ActiveCfg = Debug|Any CPU
		{F7394DFF-B861-40D8-A63A-A95382AB5911}.Debug|Any CPU.Build.0 = Debug|Any CPU
		{F7394DFF-B861-40D8-A63A-A95382AB5911}.Release|Any CPU.ActiveCfg = Release|Any CPU
		{F7394DFF-B861-40D8-A63A-A95382AB5911}.Release|Any CPU.Build.0 = Release|Any CPU
	EndGlobalSection
	GlobalSection(SolutionProperties) = preSolution
		HideSolutionNode = FALSE
	EndGlobalSection
	GlobalSection(ExtensibilityGlobals) = postSolution
		SolutionGuid = {677DBC6F-0B64-4EB2-8B5F-D76AAE50D829}
	EndGlobalSection
EndGlobal
